
Microsoft Visual Studio Solution File, Format Version 12.00
# Visual Studio Version 16
VisualStudioVersion = 16.0.30523.141
MinimumVisualStudioVersion = 10.0.40219.1
Project("{8BC9CEB8-8B4A-11D0-8D11-00A0C91BC942}") = "ipconfig", "ipconfig\ipconfig.vcxproj", "{5B4C82DF-0E4D-4CF6-86E9-D8484D1E4EC6}"
EndProject
Project("{8BC9CEB8-8B4A-11D0-8D11-00A0C91BC942}") = "vd", "vd\vd.vcxproj", "{2A1A8240-CBDB-478C-B294-CF1B03D90070}"
EndProject
Global
	GlobalSection(SolutionConfigurationPlatforms) = preSolution
		Debug|x64 = Debug|x64
		Debug|x86 = Debug|x86
		Release|x64 = Release|x64
		Release|x86 = Release|x86
	EndGlobalSection
	GlobalSection(ProjectConfigurationPlatforms) = postSolution
		{5B4C82DF-0E4D-4CF6-86E9-D8484D1E4EC6}.Debug|x64.ActiveCfg = Debug|x64
		{5B4C82DF-0E4D-4CF6-86E9-D8484D1E4EC6}.Debug|x64.Build.0 = Debug|x64
		{5B4C82DF-0E4D-4CF6-86E9-D8484D1E4EC6}.Debug|x86.ActiveCfg = Debug|Win32
		{5B4C82DF-0E4D-4CF6-86E9-D8484D1E4EC6}.Debug|x86.Build.0 = Debug|Win32
		{5B4C82DF-0E4D-4CF6-86E9-D8484D1E4EC6}.Release|x64.ActiveCfg = Release|x64
		{5B4C82DF-0E4D-4CF6-86E9-D8484D1E4EC6}.Release|x64.Build.0 = Release|x64
		{5B4C82DF-0E4D-4CF6-86E9-D8484D1E4EC6}.Release|x86.ActiveCfg = Release|Win32
		{5B4C82DF-0E4D-4CF6-86E9-D8484D1E4EC6}.Release|x86.Build.0 = Release|Win32
		{2A1A8240-CBDB-478C-B294-CF1B03D90070}.Debug|x64.ActiveCfg = Debug|x64
		{2A1A8240-CBDB-478C-B294-CF1B03D90070}.Debug|x64.Build.0 = Debug|x64
		{2A1A8240-CBDB-478C-B294-CF1B03D90070}.Debug|x86.ActiveCfg = Debug|Win32
		{2A1A8240-CBDB-478C-B294-CF1B03D90070}.Debug|x86.Build.0 = Debug|Win32
		{2A1A8240-CBDB-478C-B294-CF1B03D90070}.Release|x64.ActiveCfg = Release|x64
		{2A1A8240-CBDB-478C-B294-CF1B03D90070}.Release|x64.Build.0 = Release|x64
		{2A1A8240-CBDB-478C-B294-CF1B03D90070}.Release|x86.ActiveCfg = Release|Win32
		{2A1A8240-CBDB-478C-B294-CF1B03D90070}.Release|x86.Build.0 = Release|Win32
	EndGlobalSection
	GlobalSection(SolutionProperties) = preSolution
		HideSolutionNode = FALSE
	EndGlobalSection
	GlobalSection(ExtensibilityGlobals) = postSolution
		SolutionGuid = {3665E0C1-00B8-4F60-8817-FB0BFA2A025B}
	EndGlobalSection
EndGlobal
